PODS:
  - Kingfisher (5.13.3):
    - Kingfisher/Core (= 5.13.3)
  - Kingfisher/Core (5.13.3)

DEPENDENCIES:
  - Kingfisher (~> 5.0)

SPEC REPOS:
  trunk:
    - Kingfisher

SPEC CHECKSUMS:
  Kingfisher: d2b3d6a7200c93b34de9afcdf25c8dd9282ec277

PODFILE CHECKSUM: c3f6e56ccc96b73786a6555da178f58b9f3c54f1

COCOAPODS: 1.8.4
